// !$*UTF8*$!
{
	archiveVersion = 1;
	classes = {
	};
	objectVersion = 46;
	objects = {

/* Begin PBXBuildFile section */
		81EBC03F192D4B4E008D84ED /* Foundation.framework in Frameworks */ = {isa = PBXBuildFile; fileRef = 81EBC03E192D4B4E008D84ED /* Foundation.framework */; };
		81EBC041192D4B4E008D84ED /* CoreGraphics.framework in Frameworks */ = {isa = PBXBuildFile; fileRef = 81EBC040192D4B4E008D84ED /* CoreGraphics.framework */; };
		81EBC043192D4B4E008D84ED /* UIKit.framework in Frameworks */ = {isa = PBXBuildFile; fileRef = 81EBC042192D4B4E008D84ED /* UIKit.framework */; };
		81EBC049192D4B4E008D84ED /* InfoPlist.strings in Resources */ = {isa = PBXBuildFile; fileRef = 81EBC047192D4B4E008D84ED /* InfoPlist.strings */; };
		81EBC04B192D4B4E008D84ED /* main.m in Sources */ = {isa = PBXBuildFile; fileRef = 81EBC04A192D4B4E008D84ED /* main.m */; };
		81EBC04F192D4B4E008D84ED /* PCSAppDelegate.m in Sources */ = {isa = PBXBuildFile; fileRef = 81EBC04E192D4B4E008D84ED /* PCSAppDelegate.m */; };
		81EBC051192D4B4E008D84ED /* Images.xcassets in Resources */ = {isa = PBXBuildFile; fileRef = 81EBC050192D4B4E008D84ED /* Images.xcassets */; };
		81EBC070192D4B79008D84ED /* PCSNumberIncrementer.m in Sources */ = {isa = PBXBuildFile; fileRef = 81EBC06F192D4B79008D84ED /* PCSNumberIncrementer.m */; };
		81EBC073192D4B8C008D84ED /* MyController.m in Sources */ = {isa = PBXBuildFile; fileRef = 81EBC072192D4B8C008D84ED /* MyController.m */; };
/* End PBXBuildFile section */

/* Begin PBXFileReference section */
		81EBC03B192D4B4E008D84ED /* PCSNumberIncrementerExample.app */ = {isa = PBXFileReference; explicitFileType = wrapper.application; includeInIndex = 0; path = PCSNumberIncrementerExample.app; sourceTree = BUILT_PRODUCTS_DIR; };
		81EBC03E192D4B4E008D84ED /* Foundation.framework */ = {isa = PBXFileReference; lastKnownFileType = wrapper.framework; name = Foundation.framework; path = System/Library/Frameworks/Foundation.framework; sourceTree = SDKROOT; };
		81EBC040192D4B4E008D84ED /* CoreGraphics.framework */ = {isa = PBXFileReference; lastKnownFileType = wrapper.framework; name = CoreGraphics.framework; path = System/Library/Frameworks/CoreGraphics.framework; sourceTree = SDKROOT; };
		81EBC042192D4B4E008D84ED /* UIKit.framework */ = {isa = PBXFileReference; lastKnownFileType = wrapper.framework; name = UIKit.framework; path = System/Library/Frameworks/UIKit.framework; sourceTree = SDKROOT; };
		81EBC046192D4B4E008D84ED /* PCSNumberIncrementerExample-Info.plist */ = {isa = PBXFileReference; lastKnownFileType = text.plist.xml; path = "PCSNumberIncrementerExample-Info.plist"; sourceTree = "<group>"; };
		81EBC048192D4B4E008D84ED /* en */ = {isa = PBXFileReference; lastKnownFileType = text.plist.strings; name = en; path = en.lproj/InfoPlist.strings; sourceTree = "<group>"; };
		81EBC04A192D4B4E008D84ED /* main.m */ = {isa = PBXFileReference; lastKnownFileType = sourcecode.c.objc; path = main.m; sourceTree = "<group>"; };
		81EBC04C192D4B4E008D84ED /* PCSNumberIncrementerExample-Prefix.pch */ = {isa = PBXFileReference; lastKnownFileType = sourcecode.c.h; path = "PCSNumberIncrementerExample-Prefix.pch"; sourceTree = "<group>"; };
		81EBC04D192D4B4E008D84ED /* PCSAppDelegate.h */ = {isa = PBXFileReference; lastKnownFileType = sourcecode.c.h; path = PCSAppDelegate.h; sourceTree = "<group>"; };
		81EBC04E192D4B4E008D84ED /* PCSAppDelegate.m */ = {isa = PBXFileReference; lastKnownFileType = sourcecode.c.objc; path = PCSAppDelegate.m; sourceTree = "<group>"; };
		81EBC050192D4B4E008D84ED /* Images.xcassets */ = {isa = PBXFileReference; lastKnownFileType = folder.assetcatalog; path = Images.xcassets; sourceTree = "<group>"; };
		81EBC057192D4B4F008D84ED /* XCTest.framework */ = {isa = PBXFileReference; lastKnownFileType = wrapper.framework; name = XCTest.framework; path = Library/Frameworks/XCTest.framework; sourceTree = DEVELOPER_DIR; };
		81EBC06E192D4B79008D84ED /* PCSNumberIncrementer.h */ = {isa = PBXFileReference; fileEncoding = 4; lastKnownFileType = sourcecode.c.h; path = PCSNumberIncrementer.h; sourceTree = "<group>"; };
		81EBC06F192D4B79008D84ED /* PCSNumberIncrementer.m */ = {isa = PBXFileReference; fileEncoding = 4; lastKnownFileType = sourcecode.c.objc; path = PCSNumberIncrementer.m; sourceTree = "<group>"; };
		81EBC071192D4B8C008D84ED /* MyController.h */ = {isa = PBXFileReference; fileEncoding = 4; lastKnownFileType = sourcecode.c.h; path = MyController.h; sourceTree = "<group>"; };
		81EBC072192D4B8C008D84ED /* MyController.m */ = {isa = PBXFileReference; fileEncoding = 4; lastKnownFileType = sourcecode.c.objc; path = MyController.m; sourceTree = "<group>"; };
/* End PBXFileReference section */

/* Begin PBXFrameworksBuildPhase section */
		81EBC038192D4B4E008D84ED /* Frameworks */ = {
			isa = PBXFrameworksBuildPhase;
			buildActionMask = 2147483647;
			files = (
				81EBC041192D4B4E008D84ED /* CoreGraphics.framework in Frameworks */,
				81EBC043192D4B4E008D84ED /* UIKit.framework in Frameworks */,
				81EBC03F192D4B4E008D84ED /* Foundation.framework in Frameworks */,
			);
			runOnlyForDeploymentPostprocessing = 0;
		};
/* End PBXFrameworksBuildPhase section */

/* Begin PBXGroup section */
		81EBC032192D4B4E008D84ED = {
			isa = PBXGroup;
			children = (
				81EBC06D192D4B79008D84ED /* PCSNumberIncrementer */,
				81EBC044192D4B4E008D84ED /* PCSNumberIncrementerExample */,
				81EBC03D192D4B4E008D84ED /* Frameworks */,
				81EBC03C192D4B4E008D84ED /* Products */,
			);
			sourceTree = "<group>";
		};
		81EBC03C192D4B4E008D84ED /* Products */ = {
			isa = PBXGroup;
			children = (
				81EBC03B192D4B4E008D84ED /* PCSNumberIncrementerExample.app */,
			);
			name = Products;
			sourceTree = "<group>";
		};
		81EBC03D192D4B4E008D84ED /* Frameworks */ = {
			isa = PBXGroup;
			children = (
				81EBC03E192D4B4E008D84ED /* Foundation.framework */,
				81EBC040192D4B4E008D84ED /* CoreGraphics.framework */,
				81EBC042192D4B4E008D84ED /* UIKit.framework */,
				81EBC057192D4B4F008D84ED /* XCTest.framework */,
			);
			name = Frameworks;
			sourceTree = "<group>";
		};
		81EBC044192D4B4E008D84ED /* PCSNumberIncrementerExample */ = {
			isa = PBXGroup;
			children = (
				81EBC071192D4B8C008D84ED /* MyController.h */,
				81EBC072192D4B8C008D84ED /* MyController.m */,
				81EBC04D192D4B4E008D84ED /* PCSAppDelegate.h */,
				81EBC04E192D4B4E008D84ED /* PCSAppDelegate.m */,
				81EBC050192D4B4E008D84ED /* Images.xcassets */,
				81EBC045192D4B4E008D84ED /* Supporting Files */,
			);
			path = PCSNumberIncrementerExample;
			sourceTree = "<group>";
		};
		81EBC045192D4B4E008D84ED /* Supporting Files */ = {
			isa = PBXGroup;
			children = (
				81EBC046192D4B4E008D84ED /* PCSNumberIncrementerExample-Info.plist */,
				81EBC047192D4B4E008D84ED /* InfoPlist.strings */,
				81EBC04A192D4B4E008D84ED /* main.m */,
				81EBC04C192D4B4E008D84ED /* PCSNumberIncrementerExample-Prefix.pch */,
			);
			name = "Supporting Files";
			sourceTree = "<group>";
		};
		81EBC06D192D4B79008D84ED /* PCSNumberIncrementer */ = {
			isa = PBXGroup;
			children = (
				81EBC06E192D4B79008D84ED /* PCSNumberIncrementer.h */,
				81EBC06F192D4B79008D84ED /* PCSNumberIncrementer.m */,
			);
			name = PCSNumberIncrementer;
			path = ../PCSNumberIncrementer;
			sourceTree = "<group>";
		};
/* End PBXGroup section */

/* Begin PBXNativeTarget section */
		81EBC03A192D4B4E008D84ED /* PCSNumberIncrementerExample */ = {
			isa = PBXNativeTarget;
			buildConfigurationList = 81EBC067192D4B4F008D84ED /* Build configuration list for PBXNativeTarget "PCSNumberIncrementerExample" */;
			buildPhases = (
				81EBC037192D4B4E008D84ED /* Sources */,
				81EBC038192D4B4E008D84ED /* Frameworks */,
				81EBC039192D4B4E008D84ED /* Resources */,
			);
			buildRules = (
			);
			dependencies = (
			);
			name = PCSNumberIncrementerExample;
			productName = PCSNumberIncrementerExample;
			productReference = 81EBC03B192D4B4E008D84ED /* PCSNumberIncrementerExample.app */;
			productType = "com.apple.product-type.application";
		};
/* End PBXNativeTarget section */

/* Begin PBXProject section */
		81EBC033192D4B4E008D84ED /* Project object */ = {
			isa = PBXProject;
			attributes = {
				CLASSPREFIX = PCS;
				LastUpgradeCheck = 0510;
				ORGANIZATIONNAME = "Peter Chen";
			};
			buildConfigurationList = 81EBC036192D4B4E008D84ED /* Build configuration list for PBXProject "PCSNumberIncrementerExample" */;
			compatibilityVersion = "Xcode 3.2";
			developmentRegion = English;
			hasScannedForEncodings = 0;
			knownRegions = (
				en,
			);
			mainGroup = 81EBC032192D4B4E008D84ED;
			productRefGroup = 81EBC03C192D4B4E008D84ED /* Products */;
			projectDirPath = "";
			projectRoot = "";
			targets = (
				81EBC03A192D4B4E008D84ED /* PCSNumberIncrementerExample */,
			);
		};
/* End PBXProject section */

/* Begin PBXResourcesBuildPhase section */
		81EBC039192D4B4E008D84ED /* Resources */ = {
			isa = PBXResourcesBuildPhase;
			buildActionMask = 2147483647;
			files = (
				81EBC049192D4B4E008D84ED /* InfoPlist.strings in Resources */,
				81EBC051192D4B4E008D84ED /* Images.xcassets in Resources */,
			);
			runOnlyForDeploymentPostprocessing = 0;
		};
/* End PBXResourcesBuildPhase section */

/* Begin PBXSourcesBuildPhase section */
		81EBC037192D4B4E008D84ED /* Sources */ = {
			isa = PBXSourcesBuildPhase;
			buildActionMask = 2147483647;
			files = (
				81EBC04B192D4B4E008D84ED /* main.m in Sources */,
				81EBC04F192D4B4E008D84ED /* PCSAppDelegate.m in Sources */,
				81EBC070192D4B79008D84ED /* PCSNumberIncrementer.m in Sources */,
				81EBC073192D4B8C008D84ED /* MyController.m in Sources */,
			);
			runOnlyForDeploymentPostprocessing = 0;
		};
/* End PBXSourcesBuildPhase section */

/* Begin PBXVariantGroup section */
		81EBC047192D4B4E008D84ED /* InfoPlist.strings */ = {
			isa = PBXVariantGroup;
			children = (
				81EBC048192D4B4E008D84ED /* en */,
			);
			name = InfoPlist.strings;
			sourceTree = "<group>";
		};
/* End PBXVariantGroup section */

/* Begin XCBuildConfiguration section */
		81EBC065192D4B4F008D84ED /* Debug */ = {
			isa = XCBuildConfiguration;
			buildSettings = {
				ALWAYS_SEARCH_USER_PATHS = NO;
				CLANG_CXX_LANGUAGE_STANDARD = "gnu++0x";
				CLANG_CXX_LIBRARY = "libc++";
				CLANG_ENABLE_MODULES = YES;
				CLANG_ENABLE_OBJC_ARC = YES;
				CLANG_WARN_BOOL_CONVERSION = YES;
				CLANG_WARN_CONSTANT_CONVERSION = YES;
				CLANG_WARN_DIRECT_OBJC_ISA_USAGE = YES_ERROR;
				CLANG_WARN_EMPTY_BODY = YES;
				CLANG_WARN_ENUM_CONVERSION = YES;
				CLANG_WARN_INT_CONVERSION = YES;
				CLANG_WARN_OBJC_ROOT_CLASS = YES_ERROR;
				CLANG_WARN__DUPLICATE_METHOD_MATCH = YES;
				"CODE_SIGN_IDENTITY[sdk=iphoneos*]" = "iPhone Developer";
				COPY_PHASE_STRIP = NO;
				GCC_C_LANGUAGE_STANDARD = gnu99;
				GCC_DYNAMIC_NO_PIC = NO;
				GCC_OPTIMIZATION_LEVEL = 0;
				GCC_PREPROCESSOR_DEFINITIONS = (
					"DEBUG=1",
					"$(inherited)",
				);
				GCC_SYMBOLS_PRIVATE_EXTERN = NO;
				GCC_WARN_64_TO_32_BIT_CONVERSION = YES;
				GCC_WARN_ABOUT_RETURN_TYPE = YES_ERROR;
				GCC_WARN_UNDECLARED_SELECTOR = YES;
				GCC_WARN_UNINITIALIZED_AUTOS = YES_AGGRESSIVE;
				GCC_WARN_UNUSED_FUNCTION = YES;
				GCC_WARN_UNUSED_VARIABLE = YES;
				IPHONEOS_DEPLOYMENT_TARGET = 7.1;
				ONLY_ACTIVE_ARCH = YES;
				SDKROOT = iphoneos;
			};
			name = Debug;
		};
		81EBC066192D4B4F008D84ED /* Release */ = {
			isa = XCBuildConfiguration;
			buildSettings = {
				ALWAYS_SEARCH_USER_PATHS = NO;
				CLANG_CXX_LANGUAGE_STANDARD = "gnu++0x";
				CLANG_CXX_LIBRARY = "libc++";
				CLANG_ENABLE_MODULES = YES;
				CLANG_ENABLE_OBJC_ARC = YES;
				CLANG_WARN_BOOL_CONVERSION = YES;
				CLANG_WARN_CONSTANT_CONVERSION = YES;
				CLANG_WARN_DIRECT_OBJC_ISA_USAGE = YES_ERROR;
				CLANG_WARN_EMPTY_BODY = YES;
				CLANG_WARN_ENUM_CONVERSION = YES;
				CLANG_WARN_INT_CONVERSION = YES;
				CLANG_WARN_OBJC_ROOT_CLASS = YES_ERROR;
				CLANG_WARN__DUPLICATE_METHOD_MATCH = YES;
				"CODE_SIGN_IDENTITY[sdk=iphoneos*]" = "iPhone Developer";
				COPY_PHASE_STRIP = YES;
				ENABLE_NS_ASSERTIONS = NO;
				GCC_C_LANGUAGE_STANDARD = gnu99;
				GCC_WARN_64_TO_32_BIT_CONVERSION = YES;
				GCC_WARN_ABOUT_RETURN_TYPE = YES_ERROR;
				GCC_WARN_UNDECLARED_SELECTOR = YES;
				GCC_WARN_UNINITIALIZED_AUTOS = YES_AGGRESSIVE;
				GCC_WARN_UNUSED_FUNCTION = YES;
				GCC_WARN_UNUSED_VARIABLE = YES;
				IPHONEOS_DEPLOYMENT_TARGET = 7.1;
				SDKROOT = iphoneos;
				VALIDATE_PRODUCT = YES;
			};
			name = Release;
		};
		81EBC068192D4B4F008D84ED /* Debug */ = {
			isa = XCBuildConfiguration;
			buildSettings = {
				ASSETCATALOG_COMPILER_APPICON_NAME = AppIcon;
				ASSETCATALOG_COMPILER_LAUNCHIMAGE_NAME = LaunchImage;
				GCC_PRECOMPILE_PREFIX_HEADER = YES;
				GCC_PREFIX_HEADER = "PCSNumberIncrementerExample/PCSNumberIncrementerExample-Prefix.pch";
				INFOPLIST_FILE = "PCSNumberIncrementerExample/PCSNumberIncrementerExample-Info.plist";
				PRODUCT_NAME = "$(TARGET_NAME)";
				WRAPPER_EXTENSION = app;
			};
			name = Debug;
		};
		81EBC069192D4B4F008D84ED /* Release */ = {
			isa = XCBuildConfiguration;
			buildSettings = {
				ASSETCATALOG_COMPILER_APPICON_NAME = AppIcon;
				ASSETCATALOG_COMPILER_LAUNCHIMAGE_NAME = LaunchImage;
				GCC_PRECOMPILE_PREFIX_HEADER = YES;
				GCC_PREFIX_HEADER = "PCSNumberIncrementerExample/PCSNumberIncrementerExample-Prefix.pch";
				INFOPLIST_FILE = "PCSNumberIncrementerExample/PCSNumberIncrementerExample-Info.plist";
				PRODUCT_NAME = "$(TARGET_NAME)";
				WRAPPER_EXTENSION = app;
			};
			name = Release;
		};
/* End XCBuildConfiguration section */

/* Begin XCConfigurationList section */
		81EBC036192D4B4E008D84ED /* Build configuration list for PBXProject "PCSNumberIncrementerExample" */ = {
			isa = XCConfigurationList;
			buildConfigurations = (
				81EBC065192D4B4F008D84ED /* Debug */,
				81EBC066192D4B4F008D84ED /* Release */,
			);
			defaultConfigurationIsVisible = 0;
			defaultConfigurationName = Release;
		};
		81EBC067192D4B4F008D84ED /* Build configuration list for PBXNativeTarget "PCSNumberIncrementerExample" */ = {
			isa = XCConfigurationList;
			buildConfigurations = (
				81EBC068192D4B4F008D84ED /* Debug */,
				81EBC069192D4B4F008D84ED /* Release */,
			);
			defaultConfigurationIsVisible = 0;
		};
/* End XCConfigurationList section */
	};
	rootObject = 81EBC033192D4B4E008D84ED /* Project object */;
}
